// !$*UTF8*$!
{
	archiveVersion = 1;
	classes = {
	};
	objectVersion = 46;
	objects = {

/* Begin PBXBuildFile section */
		37D3DCD61E444E020025ECDA /* AppDelegate.swift in Sources */ = {isa = PBXBuildFile; fileRef = 37D3DCD51E444E020025ECDA /* AppDelegate.swift */; };
		37D3DCD81E444E020025ECDA /* ViewController.swift in Sources */ = {isa = PBXBuildFile; fileRef = 37D3DCD71E444E020025ECDA /* ViewController.swift */; };
		37D3DCDB1E444E020025ECDA /* Main.storyboard in Resources */ = {isa = PBXBuildFile; fileRef = 37D3DCD91E444E020025ECDA /* Main.storyboard */; };
		37D3DCDE1E444E020025ECDA /* PhotoCollectionTemplate.xcdatamodeld in Sources */ = {isa = PBXBuildFile; fileRef = 37D3DCDC1E444E020025ECDA /* PhotoCollectionTemplate.xcdatamodeld */; };
		37D3DCE01E444E020025ECDA /* Assets.xcassets in Resources */ = {isa = PBXBuildFile; fileRef = 37D3DCDF1E444E020025ECDA /* Assets.xcassets */; };
		37D3DCE31E444E020025ECDA /* LaunchScreen.storyboard in Resources */ = {isa = PBXBuildFile; fileRef = 37D3DCE11E444E020025ECDA /* LaunchScreen.storyboard */; };
/* End PBXBuildFile section */

/* Begin PBXFileReference section */
		37D3DCD21E444E020025ECDA /* PhotoCollectionTemplate.app */ = {isa = PBXFileReference; explicitFileType = wrapper.application; includeInIndex = 0; path = PhotoCollectionTemplate.app; sourceTree = BUILT_PRODUCTS_DIR; };
		37D3DCD51E444E020025ECDA /* AppDelegate.swift */ = {isa = PBXFileReference; lastKnownFileType = sourcecode.swift; path = AppDelegate.swift; sourceTree = "<group>"; };
		37D3DCD71E444E020025ECDA /* ViewController.swift */ = {isa = PBXFileReference; lastKnownFileType = sourcecode.swift; path = ViewController.swift; sourceTree = "<group>"; };
		37D3DCDA1E444E020025ECDA /* Base */ = {isa = PBXFileReference; lastKnownFileType = file.storyboard; name = Base; path = Base.lproj/Main.storyboard; sourceTree = "<group>"; };
		37D3DCDD1E444E020025ECDA /* PhotoCollectionTemplate.xcdatamodel */ = {isa = PBXFileReference; lastKnownFileType = wrapper.xcdatamodel; path = PhotoCollectionTemplate.xcdatamodel; sourceTree = "<group>"; };
		37D3DCDF1E444E020025ECDA /* Assets.xcassets */ = {isa = PBXFileReference; lastKnownFileType = folder.assetcatalog; path = Assets.xcassets; sourceTree = "<group>"; };
		37D3DCE21E444E020025ECDA /* Base */ = {isa = PBXFileReference; lastKnownFileType = file.storyboard; name = Base; path = Base.lproj/LaunchScreen.storyboard; sourceTree = "<group>"; };
		37D3DCE41E444E020025ECDA /* Info.plist */ = {isa = PBXFileReference; lastKnownFileType = text.plist.xml; path = Info.plist; sourceTree = "<group>"; };
/* End PBXFileReference section */

/* Begin PBXFrameworksBuildPhase section */
		37D3DCCF1E444E020025ECDA /* Frameworks */ = {
			isa = PBXFrameworksBuildPhase;
			buildActionMask = 2147483647;
			files = (
			);
			runOnlyForDeploymentPostprocessing = 0;
		};
/* End PBXFrameworksBuildPhase section */

/* Begin PBXGroup section */
		37D3DCC91E444E020025ECDA = {
			isa = PBXGroup;
			children = (
				37D3DCD41E444E020025ECDA /* PhotoCollectionTemplate */,
				37D3DCD31E444E020025ECDA /* Products */,
			);
			sourceTree = "<group>";
		};
		37D3DCD31E444E020025ECDA /* Products */ = {
			isa = PBXGroup;
			children = (
				37D3DCD21E444E020025ECDA /* PhotoCollectionTemplate.app */,
			);
			name = Products;
			sourceTree = "<group>";
		};
		37D3DCD41E444E020025ECDA /* PhotoCollectionTemplate */ = {
			isa = PBXGroup;
			children = (
				37D3DCD51E444E020025ECDA /* AppDelegate.swift */,
				37D3DCD71E444E020025ECDA /* ViewController.swift */,
				37D3DCD91E444E020025ECDA /* Main.storyboard */,
				37D3DCDF1E444E020025ECDA /* Assets.xcassets */,
				37D3DCE11E444E020025ECDA /* LaunchScreen.storyboard */,
				37D3DCE41E444E020025ECDA /* Info.plist */,
				37D3DCDC1E444E020025ECDA /* PhotoCollectionTemplate.xcdatamodeld */,
			);
			path = PhotoCollectionTemplate;
			sourceTree = "<group>";
		};
/* End PBXGroup section */

/* Begin PBXNativeTarget section */
		37D3DCD11E444E020025ECDA /* PhotoCollectionTemplate */ = {
			isa = PBXNativeTarget;
			buildConfigurationList = 37D3DCE71E444E020025ECDA /* Build configuration list for PBXNativeTarget "PhotoCollectionTemplate" */;
			buildPhases = (
				37D3DCCE1E444E020025ECDA /* Sources */,
				37D3DCCF1E444E020025ECDA /* Frameworks */,
				37D3DCD01E444E020025ECDA /* Resources */,
			);
			buildRules = (
			);
			dependencies = (
			);
			name = PhotoCollectionTemplate;
			productName = PhotoCollectionTemplate;
			productReference = 37D3DCD21E444E020025ECDA /* PhotoCollectionTemplate.app */;
			productType = "com.apple.product-type.application";
		};
/* End PBXNativeTarget section */

/* Begin PBXProject section */
		37D3DCCA1E444E020025ECDA /* Project object */ = {
			isa = PBXProject;
			attributes = {
				LastSwiftUpdateCheck = 0800;
				LastUpgradeCheck = 0800;
				ORGANIZATIONNAME = "Nick's Basement";
				TargetAttributes = {
					37D3DCD11E444E020025ECDA = {
						CreatedOnToolsVersion = 8.0;
						ProvisioningStyle = Automatic;
					};
				};
			};
			buildConfigurationList = 37D3DCCD1E444E020025ECDA /* Build configuration list for PBXProject "PhotoCollectionTemplate" */;
			compatibilityVersion = "Xcode 3.2";
			developmentRegion = English;
			hasScannedForEncodings = 0;
			knownRegions = (
				en,
				Base,
			);
			mainGroup = 37D3DCC91E444E020025ECDA;
			productRefGroup = 37D3DCD31E444E020025ECDA /* Products */;
			projectDirPath = "";
			projectRoot = "";
			targets = (
				37D3DCD11E444E020025ECDA /* PhotoCollectionTemplate */,
			);
		};
/* End PBXProject section */

/* Begin PBXResourcesBuildPhase section */
		37D3DCD01E444E020025ECDA /* Resources */ = {
			isa = PBXResourcesBuildPhase;
			buildActionMask = 2147483647;
			files = (
				37D3DCE31E444E020025ECDA /* LaunchScreen.storyboard in Resources */,
				37D3DCE01E444E020025ECDA /* Assets.xcassets in Resources */,
				37D3DCDB1E444E020025ECDA /* Main.storyboard in Resources */,
			);
			runOnlyForDeploymentPostprocessing = 0;
		};
/* End PBXResourcesBuildPhase section */

/* Begin PBXSourcesBuildPhase section */
		37D3DCCE1E444E020025ECDA /* Sources */ = {
			isa = PBXSourcesBuildPhase;
			buildActionMask = 2147483647;
			files = (
				37D3DCDE1E444E020025ECDA /* PhotoCollectionTemplate.xcdatamodeld in Sources */,
				37D3DCD81E444E020025ECDA /* ViewController.swift in Sources */,
				37D3DCD61E444E020025ECDA /* AppDelegate.swift in Sources */,
			);
			runOnlyForDeploymentPostprocessing = 0;
		};
/* End PBXSourcesBuildPhase section */

/* Begin PBXVariantGroup section */
		37D3DCD91E444E020025ECDA /* Main.storyboard */ = {
			isa = PBXVariantGroup;
			children = (
				37D3DCDA1E444E020025ECDA /* Base */,
			);
			name = Main.storyboard;
			sourceTree = "<group>";
		};
		37D3DCE11E444E020025ECDA /* LaunchScreen.storyboard */ = {
			isa = PBXVariantGroup;
			children = (
				37D3DCE21E444E020025ECDA /* Base */,
			);
			name = LaunchScreen.storyboard;
			sourceTree = "<group>";
		};
/* End PBXVariantGroup section */

/* Begin XCBuildConfiguration section */
		37D3DCE51E444E020025ECDA /* Debug */ = {
			isa = XCBuildConfiguration;
			buildSettings = {
				ALWAYS_SEARCH_USER_PATHS = NO;
				CLANG_ANALYZER_NONNULL = YES;
				CLANG_CXX_LANGUAGE_STANDARD = "gnu++0x";
				CLANG_CXX_LIBRARY = "libc++";
				CLANG_ENABLE_MODULES = YES;
				CLANG_ENABLE_OBJC_ARC = YES;
				CLANG_WARN_BOOL_CONVERSION = YES;
				CLANG_WARN_CONSTANT_CONVERSION = YES;
				CLANG_WARN_DIRECT_OBJC_ISA_USAGE = YES_ERROR;
				CLANG_WARN_DOCUMENTATION_COMMENTS = YES;
				CLANG_WARN_EMPTY_BODY = YES;
				CLANG_WARN_ENUM_CONVERSION = YES;
				CLANG_WARN_INFINITE_RECURSION = YES;
				CLANG_WARN_INT_CONVERSION = YES;
				CLANG_WARN_OBJC_ROOT_CLASS = YES_ERROR;
				CLANG_WARN_SUSPICIOUS_MOVES = YES;
				CLANG_WARN_UNREACHABLE_CODE = YES;
				CLANG_WARN__DUPLICATE_METHOD_MATCH = YES;
				"CODE_SIGN_IDENTITY[sdk=iphoneos*]" = "iPhone Developer";
				COPY_PHASE_STRIP = NO;
				DEBUG_INFORMATION_FORMAT = dwarf;
				ENABLE_STRICT_OBJC_MSGSEND = YES;
				ENABLE_TESTABILITY = YES;
				GCC_C_LANGUAGE_STANDARD = gnu99;
				GCC_DYNAMIC_NO_PIC = NO;
				GCC_NO_COMMON_BLOCKS = YES;
				GCC_OPTIMIZATION_LEVEL = 0;
				GCC_PREPROCESSOR_DEFINITIONS = (
					"DEBUG=1",
					"$(inherited)",
				);
				GCC_WARN_64_TO_32_BIT_CONVERSION = YES;
				GCC_WARN_ABOUT_RETURN_TYPE = YES_ERROR;
				GCC_WARN_UNDECLARED_SELECTOR = YES;
				GCC_WARN_UNINITIALIZED_AUTOS = YES_AGGRESSIVE;
				GCC_WARN_UNUSED_FUNCTION = YES;
				GCC_WARN_UNUSED_VARIABLE = YES;
				IPHONEOS_DEPLOYMENT_TARGET = 10.0;
				MTL_ENABLE_DEBUG_INFO = YES;
				ONLY_ACTIVE_ARCH = YES;
				SDKROOT = iphoneos;
				SWIFT_ACTIVE_COMPILATION_CONDITIONS = DEBUG;
				SWIFT_OPTIMIZATION_LEVEL = "-Onone";
				TARGETED_DEVICE_FAMILY = "1,2";
			};
			name = Debug;
		};
		37D3DCE61E444E020025ECDA /* Release */ = {
			isa = XCBuildConfiguration;
			buildSettings = {
				ALWAYS_SEARCH_USER_PATHS = NO;
				CLANG_ANALYZER_NONNULL = YES;
				CLANG_CXX_LANGUAGE_STANDARD = "gnu++0x";
				CLANG_CXX_LIBRARY = "libc++";
				CLANG_ENABLE_MODULES = YES;
				CLANG_ENABLE_OBJC_ARC = YES;
				CLANG_WARN_BOOL_CONVERSION = YES;
				CLANG_WARN_CONSTANT_CONVERSION = YES;
				CLANG_WARN_DIRECT_OBJC_ISA_USAGE = YES_ERROR;
				CLANG_WARN_DOCUMENTATION_COMMENTS = YES;
				CLANG_WARN_EMPTY_BODY = YES;
				CLANG_WARN_ENUM_CONVERSION = YES;
				CLANG_WARN_INFINITE_RECURSION = YES;
				CLANG_WARN_INT_CONVERSION = YES;
				CLANG_WARN_OBJC_ROOT_CLASS = YES_ERROR;
				CLANG_WARN_SUSPICIOUS_MOVES = YES;
				CLANG_WARN_UNREACHABLE_CODE = YES;
				CLANG_WARN__DUPLICATE_METHOD_MATCH = YES;
				"CODE_SIGN_IDENTITY[sdk=iphoneos*]" = "iPhone Developer";
				COPY_PHASE_STRIP = NO;
				DEBUG_INFORMATION_FORMAT = "dwarf-with-dsym";
				ENABLE_NS_ASSERTIONS = NO;
				ENABLE_STRICT_OBJC_MSGSEND = YES;
				GCC_C_LANGUAGE_STANDARD = gnu99;
				GCC_NO_COMMON_BLOCKS = YES;
				GCC_WARN_64_TO_32_BIT_CONVERSION = YES;
				GCC_WARN_ABOUT_RETURN_TYPE = YES_ERROR;
				GCC_WARN_UNDECLARED_SELECTOR = YES;
				GCC_WARN_UNINITIALIZED_AUTOS = YES_AGGRESSIVE;
				GCC_WARN_UNUSED_FUNCTION = YES;
				GCC_WARN_UNUSED_VARIABLE = YES;
				IPHONEOS_DEPLOYMENT_TARGET = 10.0;
				MTL_ENABLE_DEBUG_INFO = NO;
				SDKROOT = iphoneos;
				SWIFT_OPTIMIZATION_LEVEL = "-Owholemodule";
				TARGETED_DEVICE_FAMILY = "1,2";
				VALIDATE_PRODUCT = YES;
			};
			name = Release;
		};
		37D3DCE81E444E020025ECDA /* Debug */ = {
			isa = XCBuildConfiguration;
			buildSettings = {
				ASSETCATALOG_COMPILER_APPICON_NAME = AppIcon;
				INFOPLIST_FILE = PhotoCollectionTemplate/Info.plist;
				LD_RUNPATH_SEARCH_PATHS = "$(inherited) @executable_path/Frameworks";
				PRODUCT_BUNDLE_IDENTIFIER = com.nicksbasement.PhotoCollectionTemplate;
				PRODUCT_NAME = "$(TARGET_NAME)";
				SWIFT_VERSION = 3.0;
			};
			name = Debug;
		};
		37D3DCE91E444E020025ECDA /* Release */ = {
			isa = XCBuildConfiguration;
			buildSettings = {
				ASSETCATALOG_COMPILER_APPICON_NAME = AppIcon;
				INFOPLIST_FILE = PhotoCollectionTemplate/Info.plist;
				LD_RUNPATH_SEARCH_PATHS = "$(inherited) @executable_path/Frameworks";
				PRODUCT_BUNDLE_IDENTIFIER = com.nicksbasement.PhotoCollectionTemplate;
				PRODUCT_NAME = "$(TARGET_NAME)";
				SWIFT_VERSION = 3.0;
			};
			name = Release;
		};
/* End XCBuildConfiguration section */

/* Begin XCConfigurationList section */
		37D3DCCD1E444E020025ECDA /* Build configuration list for PBXProject "PhotoCollectionTemplate" */ = {
			isa = XCConfigurationList;
			buildConfigurations = (
				37D3DCE51E444E020025ECDA /* Debug */,
				37D3DCE61E444E020025ECDA /* Release */,
			);
			defaultConfigurationIsVisible = 0;
			defaultConfigurationName = Release;
		};
		37D3DCE71E444E020025ECDA /* Build configuration list for PBXNativeTarget "PhotoCollectionTemplate" */ = {
			isa = XCConfigurationList;
			buildConfigurations = (
				37D3DCE81E444E020025ECDA /* Debug */,
				37D3DCE91E444E020025ECDA /* Release */,
			);
			defaultConfigurationIsVisible = 0;
		};
/* End XCConfigurationList section */

/* Begin XCVersionGroup section */
		37D3DCDC1E444E020025ECDA /* PhotoCollectionTemplate.xcdatamodeld */ = {
			isa = XCVersionGroup;
			children = (
				37D3DCDD1E444E020025ECDA /* PhotoCollectionTemplate.xcdatamodel */,
			);
			currentVersion = 37D3DCDD1E444E020025ECDA /* PhotoCollectionTemplate.xcdatamodel */;
			path = PhotoCollectionTemplate.xcdatamodeld;
			sourceTree = "<group>";
			versionGroupType = wrapper.xcdatamodel;
		};
/* End XCVersionGroup section */
	};
	rootObject = 37D3DCCA1E444E020025ECDA /* Project object */;
}
